
Microsoft Visual Studio Solution File, Format Version 12.00
# Visual Studio Version 16
VisualStudioVersion = 16.0.29613.14
MinimumVisualStudioVersion = 10.0.40219.1
Project("{9A19103F-16F7-4668-BE54-9A1E7A4F7556}") = "ASPMVCShop", "ASPMVCShop\ASPMVCShop.csproj", "{AC8A655B-C2E5-4888-951E-E5344C41E9BD}"
EndProject
Global
	GlobalSection(SolutionConfigurationPlatforms) = preSolution
		Debug|Any CPU = Debug|Any CPU
		Release|Any CPU = Release|Any CPU
	EndGlobalSection
	GlobalSection(ProjectConfigurationPlatforms) = postSolution
		{AC8A655B-C2E5-4888-951E-E5344C41E9BD}.Debug|Any CPU.ActiveCfg = Debug|Any CPU
		{AC8A655B-C2E5-4888-951E-E5344C41E9BD}.Debug|Any CPU.Build.0 = Debug|Any CPU
		{AC8A655B-C2E5-4888-951E-E5344C41E9BD}.Release|Any CPU.ActiveCfg = Release|Any CPU
		{AC8A655B-C2E5-4888-951E-E5344C41E9BD}.Release|Any CPU.Build.0 = Release|Any CPU
	EndGlobalSection
	GlobalSection(SolutionProperties) = preSolution
		HideSolutionNode = FALSE
	EndGlobalSection
	GlobalSection(ExtensibilityGlobals) = postSolution
		SolutionGuid = {1139A8CB-E3B8-4666-BF8F-861CA3893AA9}
	EndGlobalSection
EndGlobal
